dependencies:
- name: prometheus-operator
  repository: https://charts.bitnami.com/bitnami
  version: 0.29.3
- name: thanos
  repository: https://charts.bitnami.com/bitnami
  version: 2.3.1
- name: grafana
  repository: https://charts.bitnami.com/bitnami
  version: 3.3.3
digest: sha256:552d0d7265d41f30ecb61f8c991f1020e4d394e6c6deee4e53ef1c0d41615e1d
generated: "2020-08-16T20:16:02.084276-04:00"
