dependencies:
- name: kube-prometheus
  repository: https://charts.bitnami.com/bitnami
  version: 2.2.2
- name: thanos
  repository: https://charts.bitnami.com/bitnami
  version: 2.4.6
- name: grafana
  repository: https://charts.bitnami.com/bitnami
  version: 3.4.5
digest: sha256:31a591452993134999f05c951ed5918eab38c37cd77cdf66141763775a59b29a
generated: "2020-10-23T09:21:43.238358-04:00"
