dependencies:
- name: prometheus-operator
  repository: https://charts.bitnami.com/bitnami
  version: 0.29.3
- name: timescale-prometheus
  repository: https://charts.timescale.com/
  version: 0.1.0-beta.1
- name: grafana
  repository: https://charts.bitnami.com/bitnami
  version: 3.3.3
digest: sha256:6094edad0ea666e79fd61e31a2baf5a8eb8768c5ca85bd2c5b8581270150d8a1
generated: "2020-08-12T15:09:43.691936-04:00"
