dependencies:
- name: external-dns
  repository: https://charts.bitnami.com/bitnami
  version: 3.2.2
- name: nginx-ingress
  repository: https://kubernetes-charts.storage.googleapis.com
  version: 1.40.3
digest: sha256:c40726ca07d0106d9c88f779f2a51e4c235c64f075b9e2967bbdd8c462501cc9
generated: "2020-07-15T10:00:02.561611-04:00"
